
Microsoft Visual Studio Solution File, Format Version 12.00
# Visual Studio 2013
VisualStudioVersion = 12.0.40629.0
MinimumVisualStudioVersion = 10.0.40219.1
Project("{FAE04EC0-301F-11D3-BF4B-00C04F79EFBC}") = "test", "test\test.csproj", "{E5E9AC2B-577C-4079-8A08-FBFE9BC2EC18}"
EndProject
Project("{FAE04EC0-301F-11D3-BF4B-00C04F79EFBC}") = "qingstor-sdk-net40", "src\qingstor-sdk-net40.csproj", "{E992B930-68C0-463F-AFAE-73B43EF6ABA6}"
EndProject
Global
	GlobalSection(SolutionConfigurationPlatforms) = preSolution
		Debug|Any CPU = Debug|Any CPU
		Release|Any CPU = Release|Any CPU
	EndGlobalSection
	GlobalSection(ProjectConfigurationPlatforms) = postSolution
		{E5E9AC2B-577C-4079-8A08-FBFE9BC2EC18}.Debug|Any CPU.ActiveCfg = Debug|Any CPU
		{E5E9AC2B-577C-4079-8A08-FBFE9BC2EC18}.Debug|Any CPU.Build.0 = Debug|Any CPU
		{E5E9AC2B-577C-4079-8A08-FBFE9BC2EC18}.Release|Any CPU.ActiveCfg = Release|Any CPU
		{E5E9AC2B-577C-4079-8A08-FBFE9BC2EC18}.Release|Any CPU.Build.0 = Release|Any CPU
		{E992B930-68C0-463F-AFAE-73B43EF6ABA6}.Debug|Any CPU.ActiveCfg = Debug|Any CPU
		{E992B930-68C0-463F-AFAE-73B43EF6ABA6}.Debug|Any CPU.Build.0 = Debug|Any CPU
		{E992B930-68C0-463F-AFAE-73B43EF6ABA6}.Release|Any CPU.ActiveCfg = Release|Any CPU
		{E992B930-68C0-463F-AFAE-73B43EF6ABA6}.Release|Any CPU.Build.0 = Release|Any CPU
	EndGlobalSection
	GlobalSection(SolutionProperties) = preSolution
		HideSolutionNode = FALSE
	EndGlobalSection
EndGlobal
